
Microsoft Visual Studio Solution File, Format Version 12.00
# Visual Studio Version 17
VisualStudioVersion = 17.7.34221.43
MinimumVisualStudioVersion = 10.0.40219.1
Project("{FAE04EC0-301F-11D3-BF4B-00C04F79EFBC}") = "Device.WebApi", "Device.WebApi.csproj", "{74E6418C-CEEF-4D1A-A9AE-43921D0A0181}"
EndProject
Project("{FAE04EC0-301F-11D3-BF4B-00C04F79EFBC}") = "Device.Infrastructure", "..\Device.Infrastructure\Device.Infrastructure.csproj", "{0B1A9213-22D0-4731-92D9-57F453859F72}"
EndProject
Project("{FAE04EC0-301F-11D3-BF4B-00C04F79EFBC}") = "Device.Domain", "..\Device.Domain\Device.Domain.csproj", "{0089F4FE-12DA-4DE0-8027-E6BD63D24568}"
EndProject
Global
	GlobalSection(SolutionConfigurationPlatforms) = preSolution
		Debug|Any CPU = Debug|Any CPU
		Release|Any CPU = Release|Any CPU
	EndGlobalSection
	GlobalSection(ProjectConfigurationPlatforms) = postSolution
		{74E6418C-CEEF-4D1A-A9AE-43921D0A0181}.Debug|Any CPU.ActiveCfg = Debug|Any CPU
		{74E6418C-CEEF-4D1A-A9AE-43921D0A0181}.Debug|Any CPU.Build.0 = Debug|Any CPU
		{74E6418C-CEEF-4D1A-A9AE-43921D0A0181}.Release|Any CPU.ActiveCfg = Release|Any CPU
		{74E6418C-CEEF-4D1A-A9AE-43921D0A0181}.Release|Any CPU.Build.0 = Release|Any CPU
		{0B1A9213-22D0-4731-92D9-57F453859F72}.Debug|Any CPU.ActiveCfg = Debug|Any CPU
		{0B1A9213-22D0-4731-92D9-57F453859F72}.Debug|Any CPU.Build.0 = Debug|Any CPU
		{0B1A9213-22D0-4731-92D9-57F453859F72}.Release|Any CPU.ActiveCfg = Release|Any CPU
		{0B1A9213-22D0-4731-92D9-57F453859F72}.Release|Any CPU.Build.0 = Release|Any CPU
		{0089F4FE-12DA-4DE0-8027-E6BD63D24568}.Debug|Any CPU.ActiveCfg = Debug|Any CPU
		{0089F4FE-12DA-4DE0-8027-E6BD63D24568}.Debug|Any CPU.Build.0 = Debug|Any CPU
		{0089F4FE-12DA-4DE0-8027-E6BD63D24568}.Release|Any CPU.ActiveCfg = Release|Any CPU
		{0089F4FE-12DA-4DE0-8027-E6BD63D24568}.Release|Any CPU.Build.0 = Release|Any CPU
	EndGlobalSection
	GlobalSection(SolutionProperties) = preSolution
		HideSolutionNode = FALSE
	EndGlobalSection
	GlobalSection(ExtensibilityGlobals) = postSolution
		SolutionGuid = {0A2F28B2-96AF-4D1C-9D8C-B1741794B20A}
	EndGlobalSection
EndGlobal
